{
  "version": 4,
  "terraform_version": "0.13.1",
  "serial": 4,
  "lineage": "d701716b-479a-b31e-dff4-1cc74b08a87c",
  "outputs": {},
  "resources": [
    {
      "mode": "managed",
      "type": "google_storage_bucket",
      "name": "static-site",
      "provider": "provider[\"registry.terraform.io/hashicorp/google\"]",
      "instances": [
        {
          "schema_version": 0,
          "attributes": {
            "autoclass": [],
            "cors": [],
            "custom_placement_config": [],
            "default_event_based_hold": false,
            "encryption": [],
            "force_destroy": true,
            "id": "butterflynurahmedsabbir",
            "labels": null,
            "lifecycle_rule": [],
            "location": "EU",
            "logging": [],
            "name": "butterflynurahmedsabbir",
            "project": "methodical-bee-198709",
            "public_access_prevention": "inherited",
            "requester_pays": false,
            "retention_policy": [],
            "self_link": "https://www.googleapis.com/storage/v1/b/butterflynurahmedsabbir",
            "storage_class": "STANDARD",
            "timeouts": null,
            "uniform_bucket_level_access": false,
            "url": "gs://butterflynurahmedsabbir",
            "versioning": [],
            "website": []
          },
          "private": "eyJlMmJmYjczMC1lY2FhLTExZTYtOGY4OC0zNDM2M2JjN2M0YzAiOnsiY3JlYXRlIjoyNDAwMDAwMDAwMDAsInJlYWQiOjI0MDAwMDAwMDAwMCwidXBkYXRlIjoyNDAwMDAwMDAwMDB9fQ=="
        }
      ]
    },
    {
      "mode": "managed",
      "type": "google_storage_bucket_object",
      "name": "picture",
      "provider": "provider[\"registry.terraform.io/hashicorp/google\"]",
      "instances": [
        {
          "schema_version": 0,
          "attributes": {
            "bucket": "butterflynurahmedsabbir",
            "cache_control": "",
            "content": null,
            "content_disposition": "",
            "content_encoding": "",
            "content_language": "",
            "content_type": "image/jpeg",
            "crc32c": "f7LerA==",
            "customer_encryption": [],
            "detect_md5hash": "d0LTaEakvf4XMbdwfO7SfA==",
            "event_based_hold": false,
            "id": "butterflynurahmedsabbir-butterflynurahmedsabbir",
            "kms_key_name": "",
            "md5hash": "d0LTaEakvf4XMbdwfO7SfA==",
            "media_link": "https://storage.googleapis.com/download/storage/v1/b/butterflynurahmedsabbir/o/butterflynurahmedsabbir?generation=1671115304677681\u0026alt=media",
            "metadata": null,
            "name": "butterflynurahmedsabbir",
            "output_name": "butterflynurahmedsabbir",
            "self_link": "https://www.googleapis.com/storage/v1/b/butterflynurahmedsabbir/o/butterflynurahmedsabbir",
            "source": "kitten.jpg",
            "storage_class": "STANDARD",
            "temporary_hold": false,
            "timeouts": null
          },
          "private": "eyJlMmJmYjczMC1lY2FhLTExZTYtOGY4OC0zNDM2M2JjN2M0YzAiOnsiY3JlYXRlIjoyNDAwMDAwMDAwMDAsImRlbGV0ZSI6MjQwMDAwMDAwMDAwLCJ1cGRhdGUiOjI0MDAwMDAwMDAwMH19",
          "dependencies": [
            "google_storage_bucket.static-site"
          ]
        }
      ]
    }
  ]
}
