{
  "version": 4,
  "terraform_version": "0.13.1",
  "serial": 28,
  "lineage": "a4f1909f-5497-9de3-ad5a-cb524a211afa",
  "outputs": {},
  "resources": [
    {
      "module": "module.dhurbal",
      "mode": "data",
      "type": "google_client_config",
      "name": "google_client",
      "provider": "provider[\"registry.terraform.io/hashicorp/google\"]",
      "instances": [
        {
          "schema_version": 0,
          "attributes": {
            "access_token": "ya29.a0AeTM1iepTm80YhS3k_GIzT4OORRJUepm3Iu5f3wtaVnq_j9Ck-CCAXzdAkOhJPskT24xzJD_YLJwv483VzhS-CnLQfHIVijJL8UK3gINyKhFfPiHb3eksp33N1AMAVCgk5y3ziHLiSflrnYg7KekDLxI3zF1iAaCgYKAY8SARASFQHWtWOmviNtq48wSZx3SnC-yLJe9g0165",
            "id": "projects/methodical-bee-198709/regions/us-central1/zones/",
            "project": "methodical-bee-198709",
            "region": "us-central1",
            "zone": ""
          }
        }
      ]
    },
    {
      "module": "module.dhurbal",
      "mode": "managed",
      "type": "google_container_cluster",
      "name": "k8s_cluster",
      "provider": "provider[\"registry.terraform.io/hashicorp/google-beta\"]",
      "instances": [
        {
          "schema_version": 1,
          "attributes": {
            "addons_config": [
              {
                "cloudrun_config": [],
                "config_connector_config": [],
                "dns_cache_config": [
                  {
                    "enabled": true
                  }
                ],
                "gce_persistent_disk_csi_driver_config": [
                  {
                    "enabled": true
                  }
                ],
                "gcp_filestore_csi_driver_config": [],
                "gke_backup_agent_config": [],
                "horizontal_pod_autoscaling": [
                  {
                    "disabled": false
                  }
                ],
                "http_load_balancing": [
                  {
                    "disabled": false
                  }
                ],
                "istio_config": [],
                "kalm_config": [],
                "network_policy_config": [
                  {
                    "disabled": true
                  }
                ]
              }
            ],
            "authenticator_groups_config": [],
            "binary_authorization": [
              {
                "enabled": false,
                "evaluation_mode": ""
              }
            ],
            "cluster_autoscaling": [
              {
                "auto_provisioning_defaults": [],
                "autoscaling_profile": "BALANCED",
                "enabled": false,
                "resource_limits": []
              }
            ],
            "cluster_ipv4_cidr": "10.21.0.0/16",
            "cluster_telemetry": [
              {
                "type": "ENABLED"
              }
            ],
            "confidential_nodes": [],
            "cost_management_config": [],
            "database_encryption": [
              {
                "key_name": "",
                "state": "DECRYPTED"
              }
            ],
            "datapath_provider": "",
            "default_max_pods_per_node": 8,
            "default_snat_status": [
              {
                "disabled": false
              }
            ],
            "description": "Generated by Terraform",
            "dns_config": [],
            "enable_autopilot": false,
            "enable_binary_authorization": false,
            "enable_intranode_visibility": false,
            "enable_kubernetes_alpha": false,
            "enable_l4_ilb_subsetting": false,
            "enable_legacy_abac": false,
            "enable_shielded_nodes": true,
            "enable_tpu": false,
            "endpoint": "35.184.242.196",
            "id": "projects/methodical-bee-198709/locations/us-central1-a/clusters/k8s-whatever",
            "identity_service_config": [],
            "initial_node_count": 1,
            "ip_allocation_policy": [
              {
                "cluster_ipv4_cidr_block": "10.21.0.0/16",
                "cluster_secondary_range_name": "private-k8spods-whatever",
                "services_ipv4_cidr_block": "10.22.0.0/16",
                "services_secondary_range_name": "private-k8ssvcs-whatever"
              }
            ],
            "label_fingerprint": "a9dc16a7",
            "location": "us-central1-a",
            "logging_config": [
              {
                "enable_components": [
                  "SYSTEM_COMPONENTS",
                  "WORKLOADS"
                ]
              }
            ],
            "logging_service": "logging.googleapis.com/kubernetes",
            "maintenance_policy": [
              {
                "daily_maintenance_window": [],
                "maintenance_exclusion": [],
                "recurring_window": [
                  {
                    "end_time": "2021-01-01T23:00:00Z",
                    "recurrence": "FREQ=WEEKLY;BYDAY=MO,TU,WE,TH,FR",
                    "start_time": "2021-01-01T19:00:00Z"
                  }
                ]
              }
            ],
            "master_auth": [
              {
                "client_certificate": "",
                "client_certificate_config": [
                  {
                    "issue_client_certificate": false
                  }
                ],
                "client_key": "",
                "cluster_ca_certificate": "LS0tLS1CRUdJTiBDRVJUSUZJQ0FURS0tLS0tCk1JSUVMRENDQXBTZ0F3SUJBZ0lRQ2J5RVB4azFwZVd1bUh0dFZiNlNoekFOQmdrcWhraUc5dzBCQVFzRkFEQXYKTVMwd0t3WURWUVFERXlSbFl6SXdZVFZqTlMxbE5UaGxMVFF4TkRndE9HTm1NUzAyTlRrNVltWTROR1l4TnpFdwpJQmNOTWpJeE1qRXhNVGN6TWpReldoZ1BNakExTWpFeU1ETXhPRE15TkROYU1DOHhMVEFyQmdOVkJBTVRKR1ZqCk1qQmhOV00xTFdVMU9HVXROREUwT0MwNFkyWXhMVFkxT1RsaVpqZzBaakUzTVRDQ0FhSXdEUVlKS29aSWh2Y04KQVFFQkJRQURnZ0dQQURDQ0FZb0NnZ0dCQUxZTjl6QkdvVlc3aEp6S0VYZ1FYWEVnU3pla2pTMGhBQlRBUTgyOQowOHE1OUpPb3VuVndRSHo3UlJZVk5kSXpXY1VaSThxeHZYNllnQk0vVFpjN20zZ3JRcmo4eForZXFXaThCMHpHCmxNU0xtQUFHR2tnQWZDc0ZiT0lsOTF6c3h3OHd4TEtDY2VSZmp4a0l2M28yOHRPMjBiMk9EcUNGS3BTWHBGQWMKL01mUVY2UlpRYWd4dXAxUGlIUUhobU50QU54ZXJhWEZhenR1dTN4emc2eXIwZExvWDB2RFhOZ0RtV2l4VkN4eApsWDYzYmd1UFhRUmpKY2NFNzd6MGx4MVZtY240SEsxVUIwWEkzeWtWaWVta2puTWtLbjYxcDF2bkFEakVRdGVoClRqc2NOVnM0TkJiVnlvV2R5R3dERS9lSkdWWHFIOUNFNUhJT3pvQitWWmdrK2o1blRnQ2pZd0dicUxpZ0kySUIKNWFBVHNEc2tNRVhGbUJNNHFyY2NlL3R0aVcwNGFQamxUazBkdHpzUVFuNjJGNmROZ20vWHhMYVF3dzRtL2dtQwo1NlNBamxHREMzL0ZPdmdvSUNVallNMXRYdUt4QXN1YjlJbEphREFuQzdNL0RNZm5MM2Nza1IraHRTSWN4VEgzCjVNUlY4RitxVE1IQ2k4SEdUOXBQVS9CY213SURBUUFCbzBJd1FEQU9CZ05WSFE4QkFmOEVCQU1DQWdRd0R3WUQKVlIwVEFRSC9CQVV3QXdFQi96QWRCZ05WSFE0RUZnUVVZQVV6V29nWCt0Q3VGMm5PNlpFTFppK3hTM013RFFZSgpLb1pJaHZjTkFRRUxCUUFEZ2dHQkFKbHBSL1lnQ1lFdEh0QzJhckFaR2MrWW9MWWpGZHpwY0hWejZXdEc5dFBPCnNxT2ZTLzQ4TFMyTjhXWnpYWFdabUZiMlBLR08zb3UyY3E0N0pjTm5UckhvbzFWOWVlZnlJSW1QanlQcGs4UzUKQzJnVUtFVjlYOTF3MDRrbGVLdnE5Tm55V2tTM05JQkw2Wis1aWExaTIrWHh1bGhic25laGU4bjZQYTUybHBSZwo1YTRWSXc4d0J1YjRSb0orbEo3eStlSW43clNaTGgwQlV6dHU5ZkdYei9jajBBK3gxWmU3NkhDY2pIMjFBaHpJCm11Z1dYNXM4bkZNakJnd1owSDUzZ0JxMVlmOXh6SFhENVl3TkgvaURybDBZb0trR01Bek5mNGk5UVpzdGZrNDkKMFRBbEt1eFJjVk5MSGY2QTA3a3E4TjB5M0tWMU9mMDNScGI1R2FXRVljY25oZklLa1RxS000UlRNMnNyRzVuUwpaMVVaNVBIS0lrSjJVSlIxTVorSCsrT0t0aXZNNjdtcGVYUGJjZU1sTGR0UUVYemFqZWpNcXFMb0o3a1hmcnUwCjBTYkx4LzdSbzk2dmdOMUZickZ4MTFjcE9RdVhtU1NLM1pwMFVyd0tQOVBiSTJVQ09GbzVpUXZ6Q3RNaWhDL2MKRTBGTWVTTk1PdGVCb0duSEhWb0xCZz09Ci0tLS0tRU5EIENFUlRJRklDQVRFLS0tLS0K"
              }
            ],
            "master_authorized_networks_config": [
              {
                "cidr_blocks": [],
                "gcp_public_cidrs_access_enabled": false
              }
            ],
            "master_version": "1.23.12-gke.100",
            "mesh_certificates": [],
            "min_master_version": null,
            "monitoring_config": [
              {
                "enable_components": [
                  "SYSTEM_COMPONENTS"
                ],
                "managed_prometheus": []
              }
            ],
            "monitoring_service": "monitoring.googleapis.com/kubernetes",
            "name": "k8s-whatever",
            "network": "projects/methodical-bee-198709/global/networks/vpc-network-whatever",
            "network_policy": [
              {
                "enabled": false,
                "provider": "PROVIDER_UNSPECIFIED"
              }
            ],
            "networking_mode": "VPC_NATIVE",
            "node_config": [],
            "node_locations": [],
            "node_pool": [],
            "node_pool_auto_config": [
              {
                "network_tags": []
              }
            ],
            "node_pool_defaults": [
              {
                "node_config_defaults": [
                  {
                    "gcfs_config": [],
                    "logging_variant": "DEFAULT"
                  }
                ]
              }
            ],
            "node_version": "1.23.12-gke.100",
            "notification_config": [
              {
                "pubsub": [
                  {
                    "enabled": false,
                    "filter": [],
                    "topic": ""
                  }
                ]
              }
            ],
            "operation": null,
            "pod_security_policy_config": [
              {
                "enabled": false
              }
            ],
            "private_cluster_config": [
              {
                "enable_private_endpoint": false,
                "enable_private_nodes": true,
                "master_global_access_config": [
                  {
                    "enabled": false
                  }
                ],
                "master_ipv4_cidr_block": "172.16.0.0/28",
                "peering_name": "gke-na12e6e88c339cd9e807-9fb2-96e5-peer",
                "private_endpoint": "172.16.0.2",
                "private_endpoint_subnetwork": "",
                "public_endpoint": "35.184.242.196"
              }
            ],
            "private_ipv6_google_access": "",
            "project": "methodical-bee-198709",
            "release_channel": [
              {
                "channel": "REGULAR"
              }
            ],
            "remove_default_node_pool": true,
            "resource_labels": {},
            "resource_usage_export_config": [],
            "self_link": "https://container.googleapis.com/v1beta1/projects/methodical-bee-198709/zones/us-central1-a/clusters/k8s-whatever",
            "service_external_ips_config": [
              {
                "enabled": false
              }
            ],
            "services_ipv4_cidr": "10.22.0.0/16",
            "subnetwork": "projects/methodical-bee-198709/regions/us-central1/subnetworks/private-subnet-whatever",
            "timeouts": {
              "create": "60m",
              "delete": "60m",
              "read": null,
              "update": "60m"
            },
            "tpu_config": [],
            "tpu_ipv4_cidr_block": "",
            "vertical_pod_autoscaling": [
              {
                "enabled": false
              }
            ],
            "workload_identity_config": []
          },
          "private": "eyJlMmJmYjczMC1lY2FhLTExZTYtOGY4OC0zNDM2M2JjN2M0YzAiOnsiY3JlYXRlIjozNjAwMDAwMDAwMDAwLCJkZWxldGUiOjM2MDAwMDAwMDAwMDAsInJlYWQiOjI0MDAwMDAwMDAwMDAsInVwZGF0ZSI6MzYwMDAwMDAwMDAwMH0sInNjaGVtYV92ZXJzaW9uIjoiMSJ9",
          "dependencies": [
            "module.dhurbal.data.google_client_config.google_client",
            "module.dhurbal.google_project_service.container_api",
            "module.vpc.google_compute_network.vpc",
            "module.vpc.google_compute_subnetwork.private_subnet"
          ]
        }
      ]
    },
    {
      "module": "module.dhurbal",
      "mode": "managed",
      "type": "google_container_node_pool",
      "name": "node_pools",
      "provider": "provider[\"registry.terraform.io/hashicorp/google-beta\"]",
      "instances": [
        {
          "index_key": "gkenp-a",
          "schema_version": 1,
          "attributes": {
            "autoscaling": [
              {
                "location_policy": "",
                "max_node_count": 2,
                "min_node_count": 1,
                "total_max_node_count": 0,
                "total_min_node_count": 0
              }
            ],
            "cluster": "k8s-whatever",
            "id": "projects/methodical-bee-198709/locations/us-central1-a/clusters/k8s-whatever/nodePools/gkenp-a",
            "initial_node_count": 1,
            "instance_group_urls": [
              "https://www.googleapis.com/compute/v1/projects/methodical-bee-198709/zones/us-central1-a/instanceGroupManagers/gke-k8s-whatever-gkenp-a-0cb51f8d-grp"
            ],
            "location": "us-central1-a",
            "managed_instance_group_urls": [
              "https://www.googleapis.com/compute/beta/projects/methodical-bee-198709/zones/us-central1-a/instanceGroups/gke-k8s-whatever-gkenp-a-0cb51f8d-grp"
            ],
            "management": [
              {
                "auto_repair": true,
                "auto_upgrade": true
              }
            ],
            "max_pods_per_node": 16,
            "name": "gkenp-a",
            "name_prefix": "",
            "network_config": [
              {
                "create_pod_range": false,
                "enable_private_nodes": false,
                "pod_ipv4_cidr_block": "10.21.0.0/16",
                "pod_range": "private-k8spods-whatever"
              }
            ],
            "node_config": [
              {
                "boot_disk_kms_key": "",
                "disk_size_gb": 50,
                "disk_type": "pd-standard",
                "ephemeral_storage_config": [],
                "gcfs_config": [],
                "guest_accelerator": [],
                "gvnic": [],
                "image_type": "COS_CONTAINERD",
                "kubelet_config": [],
                "labels": {
                  "TF_used_by": "k8s-whatever",
                  "TF_used_for": "gke"
                },
                "linux_node_config": [],
                "local_ssd_count": 0,
                "logging_variant": "DEFAULT",
                "machine_type": "e2-micro",
                "metadata": {
                  "disable-legacy-endpoints": "true"
                },
                "min_cpu_platform": "",
                "node_group": "",
                "oauth_scopes": [
                  "https://www.googleapis.com/auth/cloud-platform"
                ],
                "preemptible": false,
                "reservation_affinity": [],
                "resource_labels": null,
                "sandbox_config": [],
                "service_account": "gke-sa-whatever@methodical-bee-198709.iam.gserviceaccount.com",
                "shielded_instance_config": [
                  {
                    "enable_integrity_monitoring": true,
                    "enable_secure_boot": false
                  }
                ],
                "spot": false,
                "tags": [
                  "gke-k8s-whatever-np-tf-cc8axs"
                ],
                "taint": [],
                "workload_metadata_config": []
              }
            ],
            "node_count": 1,
            "node_locations": [
              "us-central1-a"
            ],
            "operation": null,
            "placement_policy": [],
            "project": "methodical-bee-198709",
            "timeouts": {
              "create": "30m",
              "delete": "30m",
              "update": "30m"
            },
            "upgrade_settings": [
              {
                "blue_green_settings": [],
                "max_surge": 1,
                "max_unavailable": 0,
                "strategy": "SURGE"
              }
            ],
            "version": "1.23.12-gke.100"
          },
          "private": "eyJlMmJmYjczMC1lY2FhLTExZTYtOGY4OC0zNDM2M2JjN2M0YzAiOnsiY3JlYXRlIjoxODAwMDAwMDAwMDAwLCJkZWxldGUiOjE4MDAwMDAwMDAwMDAsInVwZGF0ZSI6MTgwMDAwMDAwMDAwMH0sInNjaGVtYV92ZXJzaW9uIjoiMSJ9",
          "dependencies": [
            "module.dhurbal.data.google_client_config.google_client",
            "module.dhurbal.google_container_cluster.k8s_cluster",
            "module.dhurbal.google_project_service.container_api",
            "module.dhurbal.module.gke_service_account.google_service_account.service_account",
            "module.dhurbal.random_string.network_tag_substring"
          ]
        }
      ]
    },
    {
      "module": "module.dhurbal",
      "mode": "managed",
      "type": "google_project_service",
      "name": "compute_api",
      "provider": "provider[\"registry.terraform.io/hashicorp/google\"]",
      "instances": [
        {
          "schema_version": 0,
          "attributes": {
            "disable_dependent_services": null,
            "disable_on_destroy": false,
            "id": "methodical-bee-198709/compute.googleapis.com",
            "project": "methodical-bee-198709",
            "service": "compute.googleapis.com",
            "timeouts": null
          },
          "private": "eyJlMmJmYjczMC1lY2FhLTExZTYtOGY4OC0zNDM2M2JjN2M0YzAiOnsiY3JlYXRlIjoxMjAwMDAwMDAwMDAwLCJkZWxldGUiOjEyMDAwMDAwMDAwMDAsInJlYWQiOjYwMDAwMDAwMDAwMCwidXBkYXRlIjoxMjAwMDAwMDAwMDAwfX0="
        }
      ]
    },
    {
      "module": "module.dhurbal",
      "mode": "managed",
      "type": "google_project_service",
      "name": "container_api",
      "provider": "provider[\"registry.terraform.io/hashicorp/google\"]",
      "instances": [
        {
          "schema_version": 0,
          "attributes": {
            "disable_dependent_services": null,
            "disable_on_destroy": false,
            "id": "methodical-bee-198709/container.googleapis.com",
            "project": "methodical-bee-198709",
            "service": "container.googleapis.com",
            "timeouts": null
          },
          "private": "eyJlMmJmYjczMC1lY2FhLTExZTYtOGY4OC0zNDM2M2JjN2M0YzAiOnsiY3JlYXRlIjoxMjAwMDAwMDAwMDAwLCJkZWxldGUiOjEyMDAwMDAwMDAwMDAsInJlYWQiOjYwMDAwMDAwMDAwMCwidXBkYXRlIjoxMjAwMDAwMDAwMDAwfX0="
        }
      ]
    },
    {
      "module": "module.dhurbal",
      "mode": "managed",
      "type": "google_project_service",
      "name": "gcr_api",
      "provider": "provider[\"registry.terraform.io/hashicorp/google\"]",
      "instances": [
        {
          "schema_version": 0,
          "attributes": {
            "disable_dependent_services": null,
            "disable_on_destroy": false,
            "id": "methodical-bee-198709/containerregistry.googleapis.com",
            "project": "methodical-bee-198709",
            "service": "containerregistry.googleapis.com",
            "timeouts": null
          },
          "private": "eyJlMmJmYjczMC1lY2FhLTExZTYtOGY4OC0zNDM2M2JjN2M0YzAiOnsiY3JlYXRlIjoxMjAwMDAwMDAwMDAwLCJkZWxldGUiOjEyMDAwMDAwMDAwMDAsInJlYWQiOjYwMDAwMDAwMDAwMCwidXBkYXRlIjoxMjAwMDAwMDAwMDAwfX0="
        }
      ]
    },
    {
      "module": "module.dhurbal",
      "mode": "managed",
      "type": "google_project_service",
      "name": "networking_api",
      "provider": "provider[\"registry.terraform.io/hashicorp/google\"]",
      "instances": [
        {
          "schema_version": 0,
          "attributes": {
            "disable_dependent_services": null,
            "disable_on_destroy": false,
            "id": "methodical-bee-198709/servicenetworking.googleapis.com",
            "project": "methodical-bee-198709",
            "service": "servicenetworking.googleapis.com",
            "timeouts": null
          },
          "private": "eyJlMmJmYjczMC1lY2FhLTExZTYtOGY4OC0zNDM2M2JjN2M0YzAiOnsiY3JlYXRlIjoxMjAwMDAwMDAwMDAwLCJkZWxldGUiOjEyMDAwMDAwMDAwMDAsInJlYWQiOjYwMDAwMDAwMDAwMCwidXBkYXRlIjoxMjAwMDAwMDAwMDAwfX0="
        }
      ]
    },
    {
      "module": "module.dhurbal",
      "mode": "managed",
      "type": "random_string",
      "name": "network_tag_substring",
      "provider": "provider[\"registry.terraform.io/hashicorp/random\"]",
      "instances": [
        {
          "schema_version": 2,
          "attributes": {
            "id": "cc8axs",
            "keepers": null,
            "length": 6,
            "lower": true,
            "min_lower": 0,
            "min_numeric": 0,
            "min_special": 0,
            "min_upper": 0,
            "number": true,
            "numeric": true,
            "override_special": null,
            "result": "cc8axs",
            "special": false,
            "upper": false
          }
        }
      ]
    },
    {
      "module": "module.dhurbal.module.gke_service_account",
      "mode": "data",
      "type": "google_client_config",
      "name": "google_client",
      "provider": "provider[\"registry.terraform.io/hashicorp/google\"]",
      "instances": [
        {
          "schema_version": 0,
          "attributes": {
            "access_token": "ya29.a0AeTM1iepTm80YhS3k_GIzT4OORRJUepm3Iu5f3wtaVnq_j9Ck-CCAXzdAkOhJPskT24xzJD_YLJwv483VzhS-CnLQfHIVijJL8UK3gINyKhFfPiHb3eksp33N1AMAVCgk5y3ziHLiSflrnYg7KekDLxI3zF1iAaCgYKAY8SARASFQHWtWOmviNtq48wSZx3SnC-yLJe9g0165",
            "id": "projects/methodical-bee-198709/regions/us-central1/zones/",
            "project": "methodical-bee-198709",
            "region": "us-central1",
            "zone": ""
          }
        }
      ]
    },
    {
      "module": "module.dhurbal.module.gke_service_account",
      "mode": "managed",
      "type": "google_project_iam_member",
      "name": "project_roles",
      "provider": "provider[\"registry.terraform.io/hashicorp/google\"]",
      "instances": [
        {
          "index_key": "roles/logging.logWriter",
          "schema_version": 0,
          "attributes": {
            "condition": [],
            "etag": "BwXvkWIIzZE=",
            "id": "methodical-bee-198709/roles/logging.logWriter/serviceAccount:gke-sa-whatever@methodical-bee-198709.iam.gserviceaccount.com",
            "member": "serviceAccount:gke-sa-whatever@methodical-bee-198709.iam.gserviceaccount.com",
            "project": "methodical-bee-198709",
            "role": "roles/logging.logWriter"
          },
          "private": "bnVsbA==",
          "dependencies": [
            "module.dhurbal.google_project_service.container_api",
            "module.dhurbal.module.gke_service_account.data.google_client_config.google_client",
            "module.dhurbal.module.gke_service_account.google_service_account.service_account"
          ]
        },
        {
          "index_key": "roles/monitoring.metricWriter",
          "schema_version": 0,
          "attributes": {
            "condition": [],
            "etag": "BwXvkWIIzZE=",
            "id": "methodical-bee-198709/roles/monitoring.metricWriter/serviceAccount:gke-sa-whatever@methodical-bee-198709.iam.gserviceaccount.com",
            "member": "serviceAccount:gke-sa-whatever@methodical-bee-198709.iam.gserviceaccount.com",
            "project": "methodical-bee-198709",
            "role": "roles/monitoring.metricWriter"
          },
          "private": "bnVsbA==",
          "dependencies": [
            "module.dhurbal.google_project_service.container_api",
            "module.dhurbal.module.gke_service_account.data.google_client_config.google_client",
            "module.dhurbal.module.gke_service_account.google_service_account.service_account"
          ]
        },
        {
          "index_key": "roles/stackdriver.resourceMetadata.writer",
          "schema_version": 0,
          "attributes": {
            "condition": [],
            "etag": "BwXvkWIIzZE=",
            "id": "methodical-bee-198709/roles/stackdriver.resourceMetadata.writer/serviceAccount:gke-sa-whatever@methodical-bee-198709.iam.gserviceaccount.com",
            "member": "serviceAccount:gke-sa-whatever@methodical-bee-198709.iam.gserviceaccount.com",
            "project": "methodical-bee-198709",
            "role": "roles/stackdriver.resourceMetadata.writer"
          },
          "private": "bnVsbA==",
          "dependencies": [
            "module.dhurbal.google_project_service.container_api",
            "module.dhurbal.module.gke_service_account.data.google_client_config.google_client",
            "module.dhurbal.module.gke_service_account.google_service_account.service_account"
          ]
        }
      ]
    },
    {
      "module": "module.dhurbal.module.gke_service_account",
      "mode": "managed",
      "type": "google_service_account",
      "name": "service_account",
      "provider": "provider[\"registry.terraform.io/hashicorp/google\"]",
      "instances": [
        {
          "schema_version": 0,
          "attributes": {
            "account_id": "gke-sa-whatever",
            "description": "Its IAM role(s) will specify the access-levels that the GKE node(s) may have",
            "disabled": false,
            "display_name": "gke-sa whatever",
            "email": "gke-sa-whatever@methodical-bee-198709.iam.gserviceaccount.com",
            "id": "projects/methodical-bee-198709/serviceAccounts/gke-sa-whatever@methodical-bee-198709.iam.gserviceaccount.com",
            "member": "serviceAccount:gke-sa-whatever@methodical-bee-198709.iam.gserviceaccount.com",
            "name": "projects/methodical-bee-198709/serviceAccounts/gke-sa-whatever@methodical-bee-198709.iam.gserviceaccount.com",
            "project": "methodical-bee-198709",
            "timeouts": null,
            "unique_id": "112946257296895706416"
          },
          "private": "eyJlMmJmYjczMC1lY2FhLTExZTYtOGY4OC0zNDM2M2JjN2M0YzAiOnsiY3JlYXRlIjozMDAwMDAwMDAwMDB9fQ==",
          "dependencies": [
            "module.dhurbal.google_project_service.container_api"
          ]
        }
      ]
    },
    {
      "module": "module.vpc",
      "mode": "data",
      "type": "google_client_config",
      "name": "google_client",
      "provider": "provider[\"registry.terraform.io/hashicorp/google\"]",
      "instances": [
        {
          "schema_version": 0,
          "attributes": {
            "access_token": "ya29.a0AeTM1iepTm80YhS3k_GIzT4OORRJUepm3Iu5f3wtaVnq_j9Ck-CCAXzdAkOhJPskT24xzJD_YLJwv483VzhS-CnLQfHIVijJL8UK3gINyKhFfPiHb3eksp33N1AMAVCgk5y3ziHLiSflrnYg7KekDLxI3zF1iAaCgYKAY8SARASFQHWtWOmviNtq48wSZx3SnC-yLJe9g0165",
            "id": "projects/methodical-bee-198709/regions/us-central1/zones/",
            "project": "methodical-bee-198709",
            "region": "us-central1",
            "zone": ""
          }
        }
      ]
    },
    {
      "module": "module.vpc",
      "mode": "managed",
      "type": "google_compute_address",
      "name": "static_nat_ips",
      "provider": "provider[\"registry.terraform.io/hashicorp/google\"]",
      "instances": [
        {
          "index_key": 0,
          "schema_version": 0,
          "attributes": {
            "address": "35.226.159.250",
            "address_type": "EXTERNAL",
            "creation_timestamp": "2022-12-11T10:17:00.706-08:00",
            "description": "",
            "id": "projects/methodical-bee-198709/regions/us-central1/addresses/nat-manual-ip-1-whatever",
            "name": "nat-manual-ip-1-whatever",
            "network": "",
            "network_tier": "PREMIUM",
            "prefix_length": 0,
            "project": "methodical-bee-198709",
            "purpose": "",
            "region": "us-central1",
            "self_link": "https://www.googleapis.com/compute/v1/projects/methodical-bee-198709/regions/us-central1/addresses/nat-manual-ip-1-whatever",
            "subnetwork": "",
            "timeouts": null,
            "users": [
              "https://www.googleapis.com/compute/v1/projects/methodical-bee-198709/regions/us-central1/routers/cloud-router-whatever"
            ]
          },
          "private": "eyJlMmJmYjczMC1lY2FhLTExZTYtOGY4OC0zNDM2M2JjN2M0YzAiOnsiY3JlYXRlIjoxMjAwMDAwMDAwMDAwLCJkZWxldGUiOjEyMDAwMDAwMDAwMDB9fQ==",
          "dependencies": [
            "module.vpc.data.google_client_config.google_client",
            "module.vpc.google_compute_network.vpc",
            "module.vpc.google_compute_subnetwork.private_subnet",
            "module.vpc.google_project_service.compute_api",
            "module.vpc.google_project_service.networking_api"
          ]
        }
      ]
    },
    {
      "module": "module.vpc",
      "mode": "managed",
      "type": "google_compute_global_address",
      "name": "g_services_address",
      "provider": "provider[\"registry.terraform.io/hashicorp/google\"]",
      "instances": [
        {
          "schema_version": 0,
          "attributes": {
            "address": "10.24.0.0",
            "address_type": "INTERNAL",
            "creation_timestamp": "2022-12-11T10:16:34.201-08:00",
            "description": "",
            "id": "projects/methodical-bee-198709/global/addresses/gservices-address-whatever",
            "ip_version": "",
            "name": "gservices-address-whatever",
            "network": "https://www.googleapis.com/compute/v1/projects/methodical-bee-198709/global/networks/vpc-network-whatever",
            "prefix_length": 16,
            "project": "methodical-bee-198709",
            "purpose": "VPC_PEERING",
            "self_link": "https://www.googleapis.com/compute/v1/projects/methodical-bee-198709/global/addresses/gservices-address-whatever",
            "timeouts": null
          },
          "private": "eyJlMmJmYjczMC1lY2FhLTExZTYtOGY4OC0zNDM2M2JjN2M0YzAiOnsiY3JlYXRlIjoxMjAwMDAwMDAwMDAwLCJkZWxldGUiOjEyMDAwMDAwMDAwMDB9fQ==",
          "dependencies": [
            "module.vpc.google_compute_network.vpc",
            "module.vpc.google_project_service.compute_api",
            "module.vpc.google_project_service.networking_api"
          ]
        }
      ]
    },
    {
      "module": "module.vpc",
      "mode": "managed",
      "type": "google_compute_network",
      "name": "vpc",
      "provider": "provider[\"registry.terraform.io/hashicorp/google\"]",
      "instances": [
        {
          "schema_version": 0,
          "attributes": {
            "auto_create_subnetworks": false,
            "delete_default_routes_on_create": false,
            "description": "Generated by Terraform",
            "enable_ula_internal_ipv6": false,
            "gateway_ipv4": "",
            "id": "projects/methodical-bee-198709/global/networks/vpc-network-whatever",
            "internal_ipv6_range": "",
            "mtu": 0,
            "name": "vpc-network-whatever",
            "project": "methodical-bee-198709",
            "routing_mode": "REGIONAL",
            "self_link": "https://www.googleapis.com/compute/v1/projects/methodical-bee-198709/global/networks/vpc-network-whatever",
            "timeouts": {
              "create": "5m",
              "delete": "5m",
              "update": "5m"
            }
          },
          "private": "eyJlMmJmYjczMC1lY2FhLTExZTYtOGY4OC0zNDM2M2JjN2M0YzAiOnsiY3JlYXRlIjozMDAwMDAwMDAwMDAsImRlbGV0ZSI6MzAwMDAwMDAwMDAwLCJ1cGRhdGUiOjMwMDAwMDAwMDAwMH19",
          "dependencies": [
            "module.vpc.google_project_service.compute_api",
            "module.vpc.google_project_service.networking_api"
          ]
        }
      ]
    },
    {
      "module": "module.vpc",
      "mode": "managed",
      "type": "google_compute_router",
      "name": "cloud_router",
      "provider": "provider[\"registry.terraform.io/hashicorp/google\"]",
      "instances": [
        {
          "schema_version": 0,
          "attributes": {
            "bgp": [],
            "creation_timestamp": "2022-12-11T10:17:00.686-08:00",
            "description": "",
            "encrypted_interconnect_router": false,
            "id": "projects/methodical-bee-198709/regions/us-central1/routers/cloud-router-whatever",
            "name": "cloud-router-whatever",
            "network": "https://www.googleapis.com/compute/v1/projects/methodical-bee-198709/global/networks/vpc-network-whatever",
            "project": "methodical-bee-198709",
            "region": "us-central1",
            "self_link": "https://www.googleapis.com/compute/v1/projects/methodical-bee-198709/regions/us-central1/routers/cloud-router-whatever",
            "timeouts": {
              "create": "5m",
              "delete": "5m",
              "update": "5m"
            }
          },
          "private": "eyJlMmJmYjczMC1lY2FhLTExZTYtOGY4OC0zNDM2M2JjN2M0YzAiOnsiY3JlYXRlIjozMDAwMDAwMDAwMDAsImRlbGV0ZSI6MzAwMDAwMDAwMDAwLCJ1cGRhdGUiOjMwMDAwMDAwMDAwMH19",
          "dependencies": [
            "module.vpc.data.google_client_config.google_client",
            "module.vpc.google_compute_network.vpc",
            "module.vpc.google_compute_subnetwork.private_subnet",
            "module.vpc.google_project_service.compute_api",
            "module.vpc.google_project_service.networking_api"
          ]
        }
      ]
    },
    {
      "module": "module.vpc",
      "mode": "managed",
      "type": "google_compute_router_nat",
      "name": "cloud_nat",
      "provider": "provider[\"registry.terraform.io/hashicorp/google\"]",
      "instances": [
        {
          "schema_version": 0,
          "attributes": {
            "drain_nat_ips": [],
            "enable_dynamic_port_allocation": false,
            "enable_endpoint_independent_mapping": false,
            "icmp_idle_timeout_sec": 30,
            "id": "methodical-bee-198709/us-central1/cloud-router-whatever/cloud-nat-whatever",
            "log_config": [
              {
                "enable": true,
                "filter": "ERRORS_ONLY"
              }
            ],
            "max_ports_per_vm": 0,
            "min_ports_per_vm": 64,
            "name": "cloud-nat-whatever",
            "nat_ip_allocate_option": "MANUAL_ONLY",
            "nat_ips": [
              "https://www.googleapis.com/compute/v1/projects/methodical-bee-198709/regions/us-central1/addresses/nat-manual-ip-1-whatever"
            ],
            "project": "methodical-bee-198709",
            "region": "us-central1",
            "router": "cloud-router-whatever",
            "rules": [],
            "source_subnetwork_ip_ranges_to_nat": "ALL_SUBNETWORKS_ALL_IP_RANGES",
            "subnetwork": [],
            "tcp_established_idle_timeout_sec": 1200,
            "tcp_transitory_idle_timeout_sec": 30,
            "timeouts": {
              "create": "10m",
              "delete": "10m",
              "update": "10m"
            },
            "udp_idle_timeout_sec": 30
          },
          "private": "eyJlMmJmYjczMC1lY2FhLTExZTYtOGY4OC0zNDM2M2JjN2M0YzAiOnsiY3JlYXRlIjo2MDAwMDAwMDAwMDAsImRlbGV0ZSI6NjAwMDAwMDAwMDAwLCJ1cGRhdGUiOjYwMDAwMDAwMDAwMH19",
          "dependencies": [
            "module.vpc.data.google_client_config.google_client",
            "module.vpc.google_compute_address.static_nat_ips",
            "module.vpc.google_compute_network.vpc",
            "module.vpc.google_compute_router.cloud_router",
            "module.vpc.google_compute_subnetwork.private_subnet",
            "module.vpc.google_project_service.compute_api",
            "module.vpc.google_project_service.networking_api"
          ]
        }
      ]
    },
    {
      "module": "module.vpc",
      "mode": "managed",
      "type": "google_compute_subnetwork",
      "name": "private_subnet",
      "provider": "provider[\"registry.terraform.io/hashicorp/google\"]",
      "instances": [
        {
          "schema_version": 0,
          "attributes": {
            "creation_timestamp": "2022-12-11T10:16:34.536-08:00",
            "description": "Generated by Terraform for private use",
            "external_ipv6_prefix": "",
            "fingerprint": null,
            "gateway_address": "10.20.0.1",
            "id": "projects/methodical-bee-198709/regions/us-central1/subnetworks/private-subnet-whatever",
            "ip_cidr_range": "10.20.0.0/16",
            "ipv6_access_type": "",
            "ipv6_cidr_range": "",
            "log_config": [],
            "name": "private-subnet-whatever",
            "network": "https://www.googleapis.com/compute/v1/projects/methodical-bee-198709/global/networks/vpc-network-whatever",
            "private_ip_google_access": true,
            "private_ipv6_google_access": "DISABLE_GOOGLE_ACCESS",
            "project": "methodical-bee-198709",
            "purpose": "PRIVATE",
            "region": "us-central1",
            "role": "",
            "secondary_ip_range": [
              {
                "ip_cidr_range": "10.21.0.0/16",
                "range_name": "private-k8spods-whatever"
              },
              {
                "ip_cidr_range": "10.22.0.0/16",
                "range_name": "private-k8ssvcs-whatever"
              }
            ],
            "self_link": "https://www.googleapis.com/compute/v1/projects/methodical-bee-198709/regions/us-central1/subnetworks/private-subnet-whatever",
            "stack_type": "IPV4_ONLY",
            "timeouts": {
              "create": "10m",
              "delete": "10m",
              "update": "10m"
            }
          },
          "private": "eyJlMmJmYjczMC1lY2FhLTExZTYtOGY4OC0zNDM2M2JjN2M0YzAiOnsiY3JlYXRlIjo2MDAwMDAwMDAwMDAsImRlbGV0ZSI6NjAwMDAwMDAwMDAwLCJ1cGRhdGUiOjYwMDAwMDAwMDAwMH19",
          "dependencies": [
            "module.vpc.data.google_client_config.google_client",
            "module.vpc.google_compute_network.vpc",
            "module.vpc.google_project_service.compute_api",
            "module.vpc.google_project_service.networking_api"
          ]
        }
      ]
    },
    {
      "module": "module.vpc",
      "mode": "managed",
      "type": "google_project_service",
      "name": "compute_api",
      "provider": "provider[\"registry.terraform.io/hashicorp/google\"]",
      "instances": [
        {
          "schema_version": 0,
          "attributes": {
            "disable_dependent_services": null,
            "disable_on_destroy": false,
            "id": "methodical-bee-198709/compute.googleapis.com",
            "project": "methodical-bee-198709",
            "service": "compute.googleapis.com",
            "timeouts": null
          },
          "private": "eyJlMmJmYjczMC1lY2FhLTExZTYtOGY4OC0zNDM2M2JjN2M0YzAiOnsiY3JlYXRlIjoxMjAwMDAwMDAwMDAwLCJkZWxldGUiOjEyMDAwMDAwMDAwMDAsInJlYWQiOjYwMDAwMDAwMDAwMCwidXBkYXRlIjoxMjAwMDAwMDAwMDAwfX0="
        }
      ]
    },
    {
      "module": "module.vpc",
      "mode": "managed",
      "type": "google_project_service",
      "name": "networking_api",
      "provider": "provider[\"registry.terraform.io/hashicorp/google\"]",
      "instances": [
        {
          "schema_version": 0,
          "attributes": {
            "disable_dependent_services": null,
            "disable_on_destroy": false,
            "id": "methodical-bee-198709/servicenetworking.googleapis.com",
            "project": "methodical-bee-198709",
            "service": "servicenetworking.googleapis.com",
            "timeouts": null
          },
          "private": "eyJlMmJmYjczMC1lY2FhLTExZTYtOGY4OC0zNDM2M2JjN2M0YzAiOnsiY3JlYXRlIjoxMjAwMDAwMDAwMDAwLCJkZWxldGUiOjEyMDAwMDAwMDAwMDAsInJlYWQiOjYwMDAwMDAwMDAwMCwidXBkYXRlIjoxMjAwMDAwMDAwMDAwfX0="
        }
      ]
    },
    {
      "module": "module.vpc",
      "mode": "managed",
      "type": "google_service_networking_connection",
      "name": "g_services_connection",
      "provider": "provider[\"registry.terraform.io/hashicorp/google\"]",
      "instances": [
        {
          "schema_version": 0,
          "attributes": {
            "id": "https%3A%2F%2Fwww.googleapis.com%2Fcompute%2Fv1%2Fprojects%2Fmethodical-bee-198709%2Fglobal%2Fnetworks%2Fvpc-network-whatever:servicenetworking.googleapis.com",
            "network": "https://www.googleapis.com/compute/v1/projects/methodical-bee-198709/global/networks/vpc-network-whatever",
            "peering": "servicenetworking-googleapis-com",
            "reserved_peering_ranges": [
              "gservices-address-whatever"
            ],
            "service": "servicenetworking.googleapis.com",
            "timeouts": null
          },
          "private": "eyJlMmJmYjczMC1lY2FhLTExZTYtOGY4OC0zNDM2M2JjN2M0YzAiOnsiY3JlYXRlIjo2MDAwMDAwMDAwMDAsImRlbGV0ZSI6NjAwMDAwMDAwMDAwLCJ1cGRhdGUiOjYwMDAwMDAwMDAwMH19",
          "dependencies": [
            "module.vpc.google_compute_global_address.g_services_address",
            "module.vpc.google_compute_network.vpc",
            "module.vpc.google_project_service.compute_api",
            "module.vpc.google_project_service.networking_api"
          ]
        }
      ]
    }
  ]
}
