{
  "version": 4,
  "terraform_version": "0.13.1",
  "serial": 157,
  "lineage": "a4f1909f-5497-9de3-ad5a-cb524a211afa",
  "outputs": {},
  "resources": [
    {
      "module": "module.dhurbal",
      "mode": "data",
      "type": "google_client_config",
      "name": "google_client",
      "provider": "provider[\"registry.terraform.io/hashicorp/google\"]",
      "instances": [
        {
          "schema_version": 0,
          "attributes": {
            "access_token": "ya29.a0AX9GBdXk7k-hwX-NFsJ-fR4ctiRjaoq6L80XMJfjX91ZvKy65f_xSq1SOD0BogCUOxxVW9q2tiJxDWwTvJX3pM_I38Ba1yDzScg5yENc5kf0nT5GfkV2P2lSZaAULppFzQ7oOl45D5dOeNr37N1RYTM4zbShnLiIaCgYKARcSAQASFQHUCsbCvBsPIGBZ_rZIT3FjW_audw0167",
            "id": "projects/methodical-bee-198709/regions/us-central1/zones/",
            "project": "methodical-bee-198709",
            "region": "us-central1",
            "zone": ""
          }
        }
      ]
    },
    {
      "module": "module.dhurbal",
      "mode": "managed",
      "type": "google_container_cluster",
      "name": "k8s_cluster",
      "provider": "provider[\"registry.terraform.io/hashicorp/google-beta\"]",
      "instances": [
        {
          "schema_version": 1,
          "attributes": {
            "addons_config": [
              {
                "cloudrun_config": [],
                "config_connector_config": [],
                "dns_cache_config": [
                  {
                    "enabled": true
                  }
                ],
                "gce_persistent_disk_csi_driver_config": [
                  {
                    "enabled": true
                  }
                ],
                "gcp_filestore_csi_driver_config": [],
                "gke_backup_agent_config": [],
                "horizontal_pod_autoscaling": [
                  {
                    "disabled": false
                  }
                ],
                "http_load_balancing": [
                  {
                    "disabled": false
                  }
                ],
                "istio_config": [],
                "kalm_config": [],
                "network_policy_config": [
                  {
                    "disabled": true
                  }
                ]
              }
            ],
            "authenticator_groups_config": [],
            "binary_authorization": [
              {
                "enabled": false,
                "evaluation_mode": ""
              }
            ],
            "cluster_autoscaling": [
              {
                "auto_provisioning_defaults": [],
                "autoscaling_profile": "BALANCED",
                "enabled": false,
                "resource_limits": []
              }
            ],
            "cluster_ipv4_cidr": "10.21.0.0/16",
            "cluster_telemetry": [
              {
                "type": "ENABLED"
              }
            ],
            "confidential_nodes": [],
            "cost_management_config": [],
            "database_encryption": [
              {
                "key_name": "",
                "state": "DECRYPTED"
              }
            ],
            "datapath_provider": "",
            "default_max_pods_per_node": 8,
            "default_snat_status": [
              {
                "disabled": false
              }
            ],
            "description": "Generated by Terraform",
            "dns_config": [],
            "enable_autopilot": false,
            "enable_binary_authorization": false,
            "enable_intranode_visibility": false,
            "enable_kubernetes_alpha": false,
            "enable_l4_ilb_subsetting": false,
            "enable_legacy_abac": false,
            "enable_shielded_nodes": true,
            "enable_tpu": false,
            "endpoint": "35.226.1.223",
            "id": "projects/methodical-bee-198709/locations/us-central1-a/clusters/k8s-whatever",
            "identity_service_config": [],
            "initial_node_count": 1,
            "ip_allocation_policy": [
              {
                "cluster_ipv4_cidr_block": "10.21.0.0/16",
                "cluster_secondary_range_name": "private-k8spods-whatever",
                "services_ipv4_cidr_block": "10.22.0.0/16",
                "services_secondary_range_name": "private-k8ssvcs-whatever"
              }
            ],
            "label_fingerprint": "a9dc16a7",
            "location": "us-central1-a",
            "logging_config": [
              {
                "enable_components": [
                  "SYSTEM_COMPONENTS",
                  "WORKLOADS"
                ]
              }
            ],
            "logging_service": "logging.googleapis.com/kubernetes",
            "maintenance_policy": [
              {
                "daily_maintenance_window": [],
                "maintenance_exclusion": [],
                "recurring_window": [
                  {
                    "end_time": "2021-01-01T23:00:00Z",
                    "recurrence": "FREQ=WEEKLY;BYDAY=MO,TU,WE,TH,FR",
                    "start_time": "2021-01-01T19:00:00Z"
                  }
                ]
              }
            ],
            "master_auth": [
              {
                "client_certificate": "",
                "client_certificate_config": [
                  {
                    "issue_client_certificate": false
                  }
                ],
                "client_key": "",
                "cluster_ca_certificate": "LS0tLS1CRUdJTiBDRVJUSUZJQ0FURS0tLS0tCk1JSUVMVENDQXBXZ0F3SUJBZ0lSQVA4T3hjZUJDSGQ1Uk0xM1FNYkQ5cGN3RFFZSktvWklodmNOQVFFTEJRQXcKTHpFdE1Dc0dBMVVFQXhNa016WmtZalZrTldFdE1XWTFZeTAwTWpJeExUaGpPRGt0TURRMk1EZzVZalU0TVRndwpNQ0FYRFRJeU1USXhOREUwTURVME9Wb1lEekl3TlRJeE1qQTJNVFV3TlRRNVdqQXZNUzB3S3dZRFZRUURFeVF6Ck5tUmlOV1ExWVMweFpqVmpMVFF5TWpFdE9HTTRPUzB3TkRZd09EbGlOVGd4T0RBd2dnR2lNQTBHQ1NxR1NJYjMKRFFFQkFRVUFBNElCandBd2dnR0tBb0lCZ1FDcEhaZkYwS2VtSVVPYmhpRGExMUhXWDlPbUlqbkgxTEZITklyeAppRlZmRjNFY3RJMUQzcHBMUllIVzBoZW9zaHJmMHRwQ3FlNDRDQVFOcFlURm1kdjJKZ0tBbm94Zk1IZUdvS2gvCk51Mk5mQ2szWG5PVWE3R2p1bElTTzdCTU5haStSTzZrRDZDZTJXZU5za2VOVWdLdVltRkZuTkQweG4zOGVpWloKS3Z3Rm5wRjBuNzJ6RDVlVjFFWEdqeDFzcjVEYWZmUGM1Z1ZDZW9za3BIUTh5QXdwZ0ZGdWZpZUhOSTNHSkdXVwpmQ2ZvRitUUkVVNm1Nc3B4aHNRMVdOMHd3MWtLOTZZdkNtZ05aSXZabkNCSkErZDBrYVhycWR2bVovTGJKdDB5CnUvMTB6elpYRWl3VXpITEhWU3FDNG5xYjdUWVIrTVU4RkgzZU9jSmJsVG9KYzhoUHNRRFV6WmpHaHNpSjhGSDMKelAzQm0vMVRpZnZEbHUxZFVLYllNZG1GVUpJRFBqNHRCUHJ6dU5mNXhwWFhNVElJb2lEc0dMWlllZmZSWFV1SgpnWEhQZDBhZW5XVDNBU2RDUWV6UldBbGlhb0VweDdEN2xVL0l1RE8yelpZK3puU0pET3B1UFlyM0c3UWRvV0piClZUU1NYRGZCTUVzUVZJcTFUeUhJWUMxSzRXY0NBd0VBQWFOQ01FQXdEZ1lEVlIwUEFRSC9CQVFEQWdJRU1BOEcKQTFVZEV3RUIvd1FGTUFNQkFmOHdIUVlEVlIwT0JCWUVGSDA0ZHc2cTF6ZzV2a1I3c1FLZ0JDUFVLVnd5TUEwRwpDU3FHU0liM0RRRUJDd1VBQTRJQmdRQ1NKTDNYdU5lRDNZVHF5b2N6VTRxTnpidlorSkNiTWlBZXhPNGQ0dkM3CnhmRjhXbUIxK1hRV3ZiZXR1TnR0RUJlcUtqa3FyT2ZHclZsb09WSzF5cks3b2JEVUI3ekVEaHFNNjV3VHoxeHEKM0ZESEFQR3RBTElvWHl5VWZselRrRlpLaEQ0TmNoR2tVNXRKMFNXNGJDRnJLemlVT3hHWGpVNTdjSDd4bzZsdAp4Mjh6V0ZFMGpqMVV0cHJjMkxSc29Tc3NPQVh0MDlITW1Vc1hiNkJ6dms0TS9rV2o5ZjM2c0dhQmo4Q0RkUER3CnpHQVc4R3R4aStsMlZkN1JEbFJjTXJOc0R6cm1tNEZmbnh2QXVSd0t1MWEzQTYyYkF1cWFJV3U5Umt1RFdvNE8KUGc0T2tySDJockNvS3RSOGZNZXdjU0oyZjNNTmRqY0RKU0pRelo1VHp6Vk8zRmlDNEN3MndoVGd0SFMwVEtmQQpmSTQvdzJ5K3kyeXQ5Wks2cEtaL0tZZlhGUzBuL0d0Tm1KbmRPZFVpWEpNOTc5Y1lJdkhyRjBXL0dmbTAvNmFRCk4vQnlSeTMwdDloNlUydkhnaFNGVDk3ZDY3c2dxNlp0ME5lNmxWeXU1Ylp2RTFQYnA2L1J2N3hnbU9iUDE4Mk8Kc2h4ZnF3Y1hUMWZ5cHpQTHFyS2Y2SEE9Ci0tLS0tRU5EIENFUlRJRklDQVRFLS0tLS0K"
              }
            ],
            "master_authorized_networks_config": [
              {
                "cidr_blocks": [
                  {
                    "cidr_block": "0.0.0.0/0",
                    "display_name": "all"
                  }
                ],
                "gcp_public_cidrs_access_enabled": false
              }
            ],
            "master_version": "1.24.5-gke.600",
            "mesh_certificates": [],
            "min_master_version": null,
            "monitoring_config": [
              {
                "enable_components": [
                  "SYSTEM_COMPONENTS"
                ],
                "managed_prometheus": []
              }
            ],
            "monitoring_service": "monitoring.googleapis.com/kubernetes",
            "name": "k8s-whatever",
            "network": "projects/methodical-bee-198709/global/networks/vpc-network-whatever",
            "network_policy": [
              {
                "enabled": false,
                "provider": "PROVIDER_UNSPECIFIED"
              }
            ],
            "networking_mode": "VPC_NATIVE",
            "node_config": [
              {
                "boot_disk_kms_key": "",
                "disk_size_gb": 50,
                "disk_type": "pd-standard",
                "ephemeral_storage_config": [],
                "gcfs_config": [],
                "guest_accelerator": [],
                "gvnic": [],
                "image_type": "COS_CONTAINERD",
                "kubelet_config": [],
                "labels": {
                  "TF_used_by": "k8s-whatever",
                  "TF_used_for": "gke"
                },
                "linux_node_config": [],
                "local_ssd_count": 0,
                "logging_variant": "DEFAULT",
                "machine_type": "e2-micro",
                "metadata": {
                  "disable-legacy-endpoints": "true"
                },
                "min_cpu_platform": "",
                "node_group": "",
                "oauth_scopes": [
                  "https://www.googleapis.com/auth/cloud-platform"
                ],
                "preemptible": false,
                "reservation_affinity": [],
                "resource_labels": {},
                "sandbox_config": [],
                "service_account": "gke-sa-whatever@methodical-bee-198709.iam.gserviceaccount.com",
                "shielded_instance_config": [
                  {
                    "enable_integrity_monitoring": true,
                    "enable_secure_boot": false
                  }
                ],
                "spot": false,
                "tags": [
                  "gke-k8s-whatever-np-tf-mkvpaf"
                ],
                "taint": [],
                "workload_metadata_config": []
              }
            ],
            "node_locations": [],
            "node_pool": [
              {
                "autoscaling": [
                  {
                    "location_policy": "BALANCED",
                    "max_node_count": 2,
                    "min_node_count": 1,
                    "total_max_node_count": 0,
                    "total_min_node_count": 0
                  }
                ],
                "initial_node_count": 1,
                "instance_group_urls": [
                  "https://www.googleapis.com/compute/v1/projects/methodical-bee-198709/zones/us-central1-a/instanceGroupManagers/gke-k8s-whatever-gkenp-a-fbe016cb-grp"
                ],
                "managed_instance_group_urls": [
                  "https://www.googleapis.com/compute/beta/projects/methodical-bee-198709/zones/us-central1-a/instanceGroups/gke-k8s-whatever-gkenp-a-fbe016cb-grp"
                ],
                "management": [
                  {
                    "auto_repair": true,
                    "auto_upgrade": true
                  }
                ],
                "max_pods_per_node": 16,
                "name": "gkenp-a",
                "name_prefix": "",
                "network_config": [
                  {
                    "create_pod_range": false,
                    "enable_private_nodes": false,
                    "pod_ipv4_cidr_block": "10.21.0.0/16",
                    "pod_range": "private-k8spods-whatever"
                  }
                ],
                "node_config": [
                  {
                    "boot_disk_kms_key": "",
                    "disk_size_gb": 50,
                    "disk_type": "pd-standard",
                    "ephemeral_storage_config": [],
                    "gcfs_config": [],
                    "guest_accelerator": [],
                    "gvnic": [],
                    "image_type": "COS_CONTAINERD",
                    "kubelet_config": [],
                    "labels": {
                      "TF_used_by": "k8s-whatever",
                      "TF_used_for": "gke"
                    },
                    "linux_node_config": [],
                    "local_ssd_count": 0,
                    "logging_variant": "DEFAULT",
                    "machine_type": "e2-micro",
                    "metadata": {
                      "disable-legacy-endpoints": "true"
                    },
                    "min_cpu_platform": "",
                    "node_group": "",
                    "oauth_scopes": [
                      "https://www.googleapis.com/auth/cloud-platform"
                    ],
                    "preemptible": false,
                    "reservation_affinity": [],
                    "resource_labels": {},
                    "sandbox_config": [],
                    "service_account": "gke-sa-whatever@methodical-bee-198709.iam.gserviceaccount.com",
                    "shielded_instance_config": [
                      {
                        "enable_integrity_monitoring": true,
                        "enable_secure_boot": false
                      }
                    ],
                    "spot": false,
                    "tags": [
                      "gke-k8s-whatever-np-tf-mkvpaf"
                    ],
                    "taint": [],
                    "workload_metadata_config": []
                  }
                ],
                "node_count": 2,
                "node_locations": [
                  "us-central1-a"
                ],
                "placement_policy": [],
                "upgrade_settings": [
                  {
                    "blue_green_settings": [],
                    "max_surge": 1,
                    "max_unavailable": 0,
                    "strategy": "SURGE"
                  }
                ],
                "version": "1.24.5-gke.600"
              }
            ],
            "node_pool_auto_config": [
              {
                "network_tags": []
              }
            ],
            "node_pool_defaults": [
              {
                "node_config_defaults": [
                  {
                    "gcfs_config": [],
                    "logging_variant": "DEFAULT"
                  }
                ]
              }
            ],
            "node_version": "1.24.5-gke.600",
            "notification_config": [
              {
                "pubsub": [
                  {
                    "enabled": false,
                    "filter": [],
                    "topic": ""
                  }
                ]
              }
            ],
            "operation": null,
            "pod_security_policy_config": [
              {
                "enabled": false
              }
            ],
            "private_cluster_config": [
              {
                "enable_private_endpoint": false,
                "enable_private_nodes": true,
                "master_global_access_config": [
                  {
                    "enabled": false
                  }
                ],
                "master_ipv4_cidr_block": "172.16.0.0/28",
                "peering_name": "gke-na12e6e88c339cd9e807-435c-5fb7-peer",
                "private_endpoint": "172.16.0.2",
                "private_endpoint_subnetwork": "",
                "public_endpoint": "35.226.1.223"
              }
            ],
            "private_ipv6_google_access": "",
            "project": "methodical-bee-198709",
            "release_channel": [
              {
                "channel": "REGULAR"
              }
            ],
            "remove_default_node_pool": true,
            "resource_labels": {},
            "resource_usage_export_config": [],
            "self_link": "https://container.googleapis.com/v1beta1/projects/methodical-bee-198709/zones/us-central1-a/clusters/k8s-whatever",
            "service_external_ips_config": [
              {
                "enabled": false
              }
            ],
            "services_ipv4_cidr": "10.22.0.0/16",
            "subnetwork": "projects/methodical-bee-198709/regions/us-central1/subnetworks/private-subnet-whatever",
            "timeouts": {
              "create": "60m",
              "delete": "60m",
              "read": null,
              "update": "60m"
            },
            "tpu_config": [],
            "tpu_ipv4_cidr_block": "",
            "vertical_pod_autoscaling": [
              {
                "enabled": false
              }
            ],
            "workload_identity_config": [
              {
                "workload_pool": "methodical-bee-198709.svc.id.goog"
              }
            ]
          },
          "private": "eyJlMmJmYjczMC1lY2FhLTExZTYtOGY4OC0zNDM2M2JjN2M0YzAiOnsiY3JlYXRlIjozNjAwMDAwMDAwMDAwLCJkZWxldGUiOjM2MDAwMDAwMDAwMDAsInJlYWQiOjI0MDAwMDAwMDAwMDAsInVwZGF0ZSI6MzYwMDAwMDAwMDAwMH0sInNjaGVtYV92ZXJzaW9uIjoiMSJ9",
          "dependencies": [
            "module.dhurbal.data.google_client_config.google_client",
            "module.dhurbal.google_project_service.container_api",
            "module.vpc.google_compute_network.vpc",
            "module.vpc.google_compute_subnetwork.private_subnet"
          ]
        }
      ]
    },
    {
      "module": "module.dhurbal",
      "mode": "managed",
      "type": "google_container_node_pool",
      "name": "node_pools",
      "provider": "provider[\"registry.terraform.io/hashicorp/google-beta\"]",
      "instances": [
        {
          "index_key": "gkenp-a",
          "schema_version": 1,
          "attributes": {
            "autoscaling": [
              {
                "location_policy": "BALANCED",
                "max_node_count": 2,
                "min_node_count": 1,
                "total_max_node_count": 0,
                "total_min_node_count": 0
              }
            ],
            "cluster": "k8s-whatever",
            "id": "projects/methodical-bee-198709/locations/us-central1-a/clusters/k8s-whatever/nodePools/gkenp-a",
            "initial_node_count": 1,
            "instance_group_urls": [
              "https://www.googleapis.com/compute/v1/projects/methodical-bee-198709/zones/us-central1-a/instanceGroupManagers/gke-k8s-whatever-gkenp-a-fbe016cb-grp"
            ],
            "location": "us-central1-a",
            "managed_instance_group_urls": [
              "https://www.googleapis.com/compute/beta/projects/methodical-bee-198709/zones/us-central1-a/instanceGroups/gke-k8s-whatever-gkenp-a-fbe016cb-grp"
            ],
            "management": [
              {
                "auto_repair": true,
                "auto_upgrade": true
              }
            ],
            "max_pods_per_node": 16,
            "name": "gkenp-a",
            "name_prefix": "",
            "network_config": [
              {
                "create_pod_range": false,
                "enable_private_nodes": false,
                "pod_ipv4_cidr_block": "10.21.0.0/16",
                "pod_range": "private-k8spods-whatever"
              }
            ],
            "node_config": [
              {
                "boot_disk_kms_key": "",
                "disk_size_gb": 50,
                "disk_type": "pd-standard",
                "ephemeral_storage_config": [],
                "gcfs_config": [],
                "guest_accelerator": [],
                "gvnic": [],
                "image_type": "COS_CONTAINERD",
                "kubelet_config": [],
                "labels": {
                  "TF_used_by": "k8s-whatever",
                  "TF_used_for": "gke"
                },
                "linux_node_config": [],
                "local_ssd_count": 0,
                "logging_variant": "DEFAULT",
                "machine_type": "e2-micro",
                "metadata": {
                  "disable-legacy-endpoints": "true"
                },
                "min_cpu_platform": "",
                "node_group": "",
                "oauth_scopes": [
                  "https://www.googleapis.com/auth/cloud-platform"
                ],
                "preemptible": false,
                "reservation_affinity": [],
                "resource_labels": {},
                "sandbox_config": [],
                "service_account": "gke-sa-whatever@methodical-bee-198709.iam.gserviceaccount.com",
                "shielded_instance_config": [
                  {
                    "enable_integrity_monitoring": true,
                    "enable_secure_boot": false
                  }
                ],
                "spot": false,
                "tags": [
                  "gke-k8s-whatever-np-tf-mkvpaf"
                ],
                "taint": [],
                "workload_metadata_config": []
              }
            ],
            "node_count": 2,
            "node_locations": [
              "us-central1-a"
            ],
            "operation": null,
            "placement_policy": [],
            "project": "methodical-bee-198709",
            "timeouts": {
              "create": "30m",
              "delete": "30m",
              "update": "30m"
            },
            "upgrade_settings": [
              {
                "blue_green_settings": [],
                "max_surge": 1,
                "max_unavailable": 0,
                "strategy": "SURGE"
              }
            ],
            "version": "1.24.5-gke.600"
          },
          "private": "eyJlMmJmYjczMC1lY2FhLTExZTYtOGY4OC0zNDM2M2JjN2M0YzAiOnsiY3JlYXRlIjoxODAwMDAwMDAwMDAwLCJkZWxldGUiOjE4MDAwMDAwMDAwMDAsInVwZGF0ZSI6MTgwMDAwMDAwMDAwMH0sInNjaGVtYV92ZXJzaW9uIjoiMSJ9",
          "dependencies": [
            "module.dhurbal.data.google_client_config.google_client",
            "module.dhurbal.google_container_cluster.k8s_cluster",
            "module.dhurbal.google_project_service.container_api",
            "module.dhurbal.module.gke_service_account.google_service_account.service_account",
            "module.dhurbal.random_string.network_tag_substring"
          ]
        }
      ]
    },
    {
      "module": "module.dhurbal",
      "mode": "managed",
      "type": "google_project_service",
      "name": "compute_api",
      "provider": "provider[\"registry.terraform.io/hashicorp/google\"]",
      "instances": [
        {
          "schema_version": 0,
          "attributes": {
            "disable_dependent_services": null,
            "disable_on_destroy": false,
            "id": "methodical-bee-198709/compute.googleapis.com",
            "project": "methodical-bee-198709",
            "service": "compute.googleapis.com",
            "timeouts": null
          },
          "private": "eyJlMmJmYjczMC1lY2FhLTExZTYtOGY4OC0zNDM2M2JjN2M0YzAiOnsiY3JlYXRlIjoxMjAwMDAwMDAwMDAwLCJkZWxldGUiOjEyMDAwMDAwMDAwMDAsInJlYWQiOjYwMDAwMDAwMDAwMCwidXBkYXRlIjoxMjAwMDAwMDAwMDAwfX0="
        }
      ]
    },
    {
      "module": "module.dhurbal",
      "mode": "managed",
      "type": "google_project_service",
      "name": "container_api",
      "provider": "provider[\"registry.terraform.io/hashicorp/google\"]",
      "instances": [
        {
          "schema_version": 0,
          "attributes": {
            "disable_dependent_services": null,
            "disable_on_destroy": false,
            "id": "methodical-bee-198709/container.googleapis.com",
            "project": "methodical-bee-198709",
            "service": "container.googleapis.com",
            "timeouts": null
          },
          "private": "eyJlMmJmYjczMC1lY2FhLTExZTYtOGY4OC0zNDM2M2JjN2M0YzAiOnsiY3JlYXRlIjoxMjAwMDAwMDAwMDAwLCJkZWxldGUiOjEyMDAwMDAwMDAwMDAsInJlYWQiOjYwMDAwMDAwMDAwMCwidXBkYXRlIjoxMjAwMDAwMDAwMDAwfX0="
        }
      ]
    },
    {
      "module": "module.dhurbal",
      "mode": "managed",
      "type": "google_project_service",
      "name": "gcr_api",
      "provider": "provider[\"registry.terraform.io/hashicorp/google\"]",
      "instances": [
        {
          "schema_version": 0,
          "attributes": {
            "disable_dependent_services": null,
            "disable_on_destroy": false,
            "id": "methodical-bee-198709/containerregistry.googleapis.com",
            "project": "methodical-bee-198709",
            "service": "containerregistry.googleapis.com",
            "timeouts": null
          },
          "private": "eyJlMmJmYjczMC1lY2FhLTExZTYtOGY4OC0zNDM2M2JjN2M0YzAiOnsiY3JlYXRlIjoxMjAwMDAwMDAwMDAwLCJkZWxldGUiOjEyMDAwMDAwMDAwMDAsInJlYWQiOjYwMDAwMDAwMDAwMCwidXBkYXRlIjoxMjAwMDAwMDAwMDAwfX0="
        }
      ]
    },
    {
      "module": "module.dhurbal",
      "mode": "managed",
      "type": "google_project_service",
      "name": "networking_api",
      "provider": "provider[\"registry.terraform.io/hashicorp/google\"]",
      "instances": [
        {
          "schema_version": 0,
          "attributes": {
            "disable_dependent_services": null,
            "disable_on_destroy": false,
            "id": "methodical-bee-198709/servicenetworking.googleapis.com",
            "project": "methodical-bee-198709",
            "service": "servicenetworking.googleapis.com",
            "timeouts": null
          },
          "private": "eyJlMmJmYjczMC1lY2FhLTExZTYtOGY4OC0zNDM2M2JjN2M0YzAiOnsiY3JlYXRlIjoxMjAwMDAwMDAwMDAwLCJkZWxldGUiOjEyMDAwMDAwMDAwMDAsInJlYWQiOjYwMDAwMDAwMDAwMCwidXBkYXRlIjoxMjAwMDAwMDAwMDAwfX0="
        }
      ]
    },
    {
      "module": "module.dhurbal",
      "mode": "managed",
      "type": "google_service_account",
      "name": "service-a",
      "provider": "provider[\"registry.terraform.io/hashicorp/google\"]",
      "instances": [
        {
          "schema_version": 0,
          "attributes": {
            "account_id": "nur-worload-identity-test",
            "description": "nur-worload-identity-test",
            "disabled": false,
            "display_name": "nur-worload-identity-test",
            "email": "nur-worload-identity-test@methodical-bee-198709.iam.gserviceaccount.com",
            "id": "projects/methodical-bee-198709/serviceAccounts/nur-worload-identity-test@methodical-bee-198709.iam.gserviceaccount.com",
            "member": "serviceAccount:nur-worload-identity-test@methodical-bee-198709.iam.gserviceaccount.com",
            "name": "projects/methodical-bee-198709/serviceAccounts/nur-worload-identity-test@methodical-bee-198709.iam.gserviceaccount.com",
            "project": "methodical-bee-198709",
            "timeouts": null,
            "unique_id": "117113768202249281118"
          },
          "private": "eyJlMmJmYjczMC1lY2FhLTExZTYtOGY4OC0zNDM2M2JjN2M0YzAiOnsiY3JlYXRlIjozMDAwMDAwMDAwMDB9fQ=="
        }
      ]
    },
    {
      "module": "module.dhurbal",
      "mode": "managed",
      "type": "google_service_account_iam_member",
      "name": "service-a",
      "provider": "provider[\"registry.terraform.io/hashicorp/google\"]",
      "instances": [
        {
          "schema_version": 0,
          "attributes": {
            "condition": [],
            "etag": "BwXv4THBBXc=",
            "id": "projects/methodical-bee-198709/serviceAccounts/nur-worload-identity-test@methodical-bee-198709.iam.gserviceaccount.com/roles/iam.workloadIdentityUser/serviceAccount:methodical-bee-198709.svc.id.goog[default/mydhon]",
            "member": "serviceAccount:methodical-bee-198709.svc.id.goog[default/mydhon]",
            "role": "roles/iam.workloadIdentityUser",
            "service_account_id": "projects/methodical-bee-198709/serviceAccounts/nur-worload-identity-test@methodical-bee-198709.iam.gserviceaccount.com"
          },
          "private": "bnVsbA==",
          "dependencies": [
            "module.dhurbal.google_service_account.service-a"
          ]
        }
      ]
    },
    {
      "module": "module.dhurbal",
      "mode": "managed",
      "type": "google_storage_bucket",
      "name": "static-site",
      "provider": "provider[\"registry.terraform.io/hashicorp/google\"]",
      "instances": [
        {
          "schema_version": 0,
          "attributes": {
            "cors": [],
            "custom_placement_config": [],
            "default_event_based_hold": false,
            "encryption": [],
            "force_destroy": true,
            "id": "butterflynurahmedsabbir",
            "labels": {},
            "lifecycle_rule": [],
            "location": "EU",
            "logging": [],
            "name": "butterflynurahmedsabbir",
            "project": "methodical-bee-198709",
            "public_access_prevention": "inherited",
            "requester_pays": false,
            "retention_policy": [],
            "self_link": "https://www.googleapis.com/storage/v1/b/butterflynurahmedsabbir",
            "storage_class": "STANDARD",
            "timeouts": null,
            "uniform_bucket_level_access": false,
            "url": "gs://butterflynurahmedsabbir",
            "versioning": [],
            "website": []
          },
          "private": "eyJlMmJmYjczMC1lY2FhLTExZTYtOGY4OC0zNDM2M2JjN2M0YzAiOnsiY3JlYXRlIjoyNDAwMDAwMDAwMDAsInJlYWQiOjI0MDAwMDAwMDAwMCwidXBkYXRlIjoyNDAwMDAwMDAwMDB9fQ=="
        }
      ]
    },
    {
      "module": "module.dhurbal",
      "mode": "managed",
      "type": "google_storage_bucket_iam_member",
      "name": "anothermember",
      "provider": "provider[\"registry.terraform.io/hashicorp/google\"]",
      "instances": [
        {
          "schema_version": 0,
          "attributes": {
            "bucket": "b/butterflynurahmedsabbir",
            "condition": [],
            "etag": "CAM=",
            "id": "b/butterflynurahmedsabbir/roles/storage.admin/serviceAccount:nur-worload-identity-test@methodical-bee-198709.iam.gserviceaccount.com",
            "member": "serviceAccount:nur-worload-identity-test@methodical-bee-198709.iam.gserviceaccount.com",
            "role": "roles/storage.admin"
          },
          "private": "bnVsbA==",
          "dependencies": [
            "module.dhurbal.google_service_account.service-a",
            "module.dhurbal.google_storage_bucket.static-site"
          ]
        }
      ]
    },
    {
      "module": "module.dhurbal",
      "mode": "managed",
      "type": "google_storage_bucket_object",
      "name": "picture",
      "provider": "provider[\"registry.terraform.io/hashicorp/google\"]",
      "instances": [
        {
          "schema_version": 0,
          "attributes": {
            "bucket": "butterflynurahmedsabbir",
            "cache_control": "",
            "content": null,
            "content_disposition": "",
            "content_encoding": "",
            "content_language": "",
            "content_type": "image/jpeg",
            "crc32c": "f7LerA==",
            "customer_encryption": [],
            "detect_md5hash": "d0LTaEakvf4XMbdwfO7SfA==",
            "event_based_hold": false,
            "id": "butterflynurahmedsabbir-butterflynurahmedsabbir",
            "kms_key_name": "",
            "md5hash": "d0LTaEakvf4XMbdwfO7SfA==",
            "media_link": "https://storage.googleapis.com/download/storage/v1/b/butterflynurahmedsabbir/o/butterflynurahmedsabbir?generation=1671120322266501\u0026alt=media",
            "metadata": {},
            "name": "butterflynurahmedsabbir",
            "output_name": "butterflynurahmedsabbir",
            "self_link": "https://www.googleapis.com/storage/v1/b/butterflynurahmedsabbir/o/butterflynurahmedsabbir",
            "source": "kitten.jpg",
            "storage_class": "STANDARD",
            "temporary_hold": false,
            "timeouts": null
          },
          "private": "eyJlMmJmYjczMC1lY2FhLTExZTYtOGY4OC0zNDM2M2JjN2M0YzAiOnsiY3JlYXRlIjoyNDAwMDAwMDAwMDAsImRlbGV0ZSI6MjQwMDAwMDAwMDAwLCJ1cGRhdGUiOjI0MDAwMDAwMDAwMH19",
          "dependencies": [
            "module.dhurbal.google_storage_bucket.static-site"
          ]
        }
      ]
    },
    {
      "module": "module.dhurbal",
      "mode": "managed",
      "type": "random_string",
      "name": "network_tag_substring",
      "provider": "provider[\"registry.terraform.io/hashicorp/random\"]",
      "instances": [
        {
          "schema_version": 2,
          "attributes": {
            "id": "mkvpaf",
            "keepers": null,
            "length": 6,
            "lower": true,
            "min_lower": 0,
            "min_numeric": 0,
            "min_special": 0,
            "min_upper": 0,
            "number": true,
            "numeric": true,
            "override_special": null,
            "result": "mkvpaf",
            "special": false,
            "upper": false
          }
        }
      ]
    },
    {
      "module": "module.dhurbal.module.gke_service_account",
      "mode": "data",
      "type": "google_client_config",
      "name": "google_client",
      "provider": "provider[\"registry.terraform.io/hashicorp/google\"]",
      "instances": [
        {
          "schema_version": 0,
          "attributes": {
            "access_token": "ya29.a0AX9GBdXk7k-hwX-NFsJ-fR4ctiRjaoq6L80XMJfjX91ZvKy65f_xSq1SOD0BogCUOxxVW9q2tiJxDWwTvJX3pM_I38Ba1yDzScg5yENc5kf0nT5GfkV2P2lSZaAULppFzQ7oOl45D5dOeNr37N1RYTM4zbShnLiIaCgYKARcSAQASFQHUCsbCvBsPIGBZ_rZIT3FjW_audw0167",
            "id": "projects/methodical-bee-198709/regions/us-central1/zones/",
            "project": "methodical-bee-198709",
            "region": "us-central1",
            "zone": ""
          }
        }
      ]
    },
    {
      "module": "module.dhurbal.module.gke_service_account",
      "mode": "managed",
      "type": "google_project_iam_member",
      "name": "project_roles",
      "provider": "provider[\"registry.terraform.io/hashicorp/google\"]",
      "instances": [
        {
          "index_key": "roles/logging.logWriter",
          "schema_version": 0,
          "attributes": {
            "condition": [],
            "etag": "BwXvyxB++5U=",
            "id": "methodical-bee-198709/roles/logging.logWriter/serviceAccount:gke-sa-whatever@methodical-bee-198709.iam.gserviceaccount.com",
            "member": "serviceAccount:gke-sa-whatever@methodical-bee-198709.iam.gserviceaccount.com",
            "project": "methodical-bee-198709",
            "role": "roles/logging.logWriter"
          },
          "private": "bnVsbA==",
          "dependencies": [
            "module.dhurbal.google_project_service.container_api",
            "module.dhurbal.module.gke_service_account.data.google_client_config.google_client",
            "module.dhurbal.module.gke_service_account.google_service_account.service_account"
          ]
        },
        {
          "index_key": "roles/monitoring.metricWriter",
          "schema_version": 0,
          "attributes": {
            "condition": [],
            "etag": "BwXvyxB++5U=",
            "id": "methodical-bee-198709/roles/monitoring.metricWriter/serviceAccount:gke-sa-whatever@methodical-bee-198709.iam.gserviceaccount.com",
            "member": "serviceAccount:gke-sa-whatever@methodical-bee-198709.iam.gserviceaccount.com",
            "project": "methodical-bee-198709",
            "role": "roles/monitoring.metricWriter"
          },
          "private": "bnVsbA==",
          "dependencies": [
            "module.dhurbal.google_project_service.container_api",
            "module.dhurbal.module.gke_service_account.data.google_client_config.google_client",
            "module.dhurbal.module.gke_service_account.google_service_account.service_account"
          ]
        },
        {
          "index_key": "roles/stackdriver.resourceMetadata.writer",
          "schema_version": 0,
          "attributes": {
            "condition": [],
            "etag": "BwXvyxB++5U=",
            "id": "methodical-bee-198709/roles/stackdriver.resourceMetadata.writer/serviceAccount:gke-sa-whatever@methodical-bee-198709.iam.gserviceaccount.com",
            "member": "serviceAccount:gke-sa-whatever@methodical-bee-198709.iam.gserviceaccount.com",
            "project": "methodical-bee-198709",
            "role": "roles/stackdriver.resourceMetadata.writer"
          },
          "private": "bnVsbA==",
          "dependencies": [
            "module.dhurbal.google_project_service.container_api",
            "module.dhurbal.module.gke_service_account.data.google_client_config.google_client",
            "module.dhurbal.module.gke_service_account.google_service_account.service_account"
          ]
        }
      ]
    },
    {
      "module": "module.dhurbal.module.gke_service_account",
      "mode": "managed",
      "type": "google_service_account",
      "name": "service_account",
      "provider": "provider[\"registry.terraform.io/hashicorp/google\"]",
      "instances": [
        {
          "schema_version": 0,
          "attributes": {
            "account_id": "gke-sa-whatever",
            "description": "Its IAM role(s) will specify the access-levels that the GKE node(s) may have",
            "disabled": false,
            "display_name": "gke-sa whatever",
            "email": "gke-sa-whatever@methodical-bee-198709.iam.gserviceaccount.com",
            "id": "projects/methodical-bee-198709/serviceAccounts/gke-sa-whatever@methodical-bee-198709.iam.gserviceaccount.com",
            "member": "serviceAccount:gke-sa-whatever@methodical-bee-198709.iam.gserviceaccount.com",
            "name": "projects/methodical-bee-198709/serviceAccounts/gke-sa-whatever@methodical-bee-198709.iam.gserviceaccount.com",
            "project": "methodical-bee-198709",
            "timeouts": null,
            "unique_id": "103273545735424258948"
          },
          "private": "eyJlMmJmYjczMC1lY2FhLTExZTYtOGY4OC0zNDM2M2JjN2M0YzAiOnsiY3JlYXRlIjozMDAwMDAwMDAwMDB9fQ==",
          "dependencies": [
            "module.dhurbal.google_project_service.container_api"
          ]
        }
      ]
    },
    {
      "module": "module.vpc",
      "mode": "data",
      "type": "google_client_config",
      "name": "google_client",
      "provider": "provider[\"registry.terraform.io/hashicorp/google\"]",
      "instances": [
        {
          "schema_version": 0,
          "attributes": {
            "access_token": "ya29.a0AX9GBdXk7k-hwX-NFsJ-fR4ctiRjaoq6L80XMJfjX91ZvKy65f_xSq1SOD0BogCUOxxVW9q2tiJxDWwTvJX3pM_I38Ba1yDzScg5yENc5kf0nT5GfkV2P2lSZaAULppFzQ7oOl45D5dOeNr37N1RYTM4zbShnLiIaCgYKARcSAQASFQHUCsbCvBsPIGBZ_rZIT3FjW_audw0167",
            "id": "projects/methodical-bee-198709/regions/us-central1/zones/",
            "project": "methodical-bee-198709",
            "region": "us-central1",
            "zone": ""
          }
        }
      ]
    },
    {
      "module": "module.vpc",
      "mode": "managed",
      "type": "google_compute_address",
      "name": "static_nat_ips",
      "provider": "provider[\"registry.terraform.io/hashicorp/google\"]",
      "instances": [
        {
          "index_key": 0,
          "schema_version": 0,
          "attributes": {
            "address": "35.193.144.109",
            "address_type": "EXTERNAL",
            "creation_timestamp": "2022-12-14T07:05:50.098-08:00",
            "description": "",
            "id": "projects/methodical-bee-198709/regions/us-central1/addresses/nat-manual-ip-1-whatever",
            "name": "nat-manual-ip-1-whatever",
            "network": "",
            "network_tier": "PREMIUM",
            "prefix_length": 0,
            "project": "methodical-bee-198709",
            "purpose": "",
            "region": "us-central1",
            "self_link": "https://www.googleapis.com/compute/v1/projects/methodical-bee-198709/regions/us-central1/addresses/nat-manual-ip-1-whatever",
            "subnetwork": "",
            "timeouts": null,
            "users": [
              "https://www.googleapis.com/compute/v1/projects/methodical-bee-198709/regions/us-central1/routers/cloud-router-whatever"
            ]
          },
          "private": "eyJlMmJmYjczMC1lY2FhLTExZTYtOGY4OC0zNDM2M2JjN2M0YzAiOnsiY3JlYXRlIjoxMjAwMDAwMDAwMDAwLCJkZWxldGUiOjEyMDAwMDAwMDAwMDB9fQ==",
          "dependencies": [
            "module.vpc.data.google_client_config.google_client",
            "module.vpc.google_compute_network.vpc",
            "module.vpc.google_compute_subnetwork.private_subnet",
            "module.vpc.google_project_service.compute_api",
            "module.vpc.google_project_service.networking_api"
          ]
        }
      ]
    },
    {
      "module": "module.vpc",
      "mode": "managed",
      "type": "google_compute_global_address",
      "name": "g_services_address",
      "provider": "provider[\"registry.terraform.io/hashicorp/google\"]",
      "instances": [
        {
          "schema_version": 0,
          "attributes": {
            "address": "10.24.0.0",
            "address_type": "INTERNAL",
            "creation_timestamp": "2022-12-14T07:05:22.715-08:00",
            "description": "",
            "id": "projects/methodical-bee-198709/global/addresses/gservices-address-whatever",
            "ip_version": "",
            "name": "gservices-address-whatever",
            "network": "https://www.googleapis.com/compute/v1/projects/methodical-bee-198709/global/networks/vpc-network-whatever",
            "prefix_length": 16,
            "project": "methodical-bee-198709",
            "purpose": "VPC_PEERING",
            "self_link": "https://www.googleapis.com/compute/v1/projects/methodical-bee-198709/global/addresses/gservices-address-whatever",
            "timeouts": null
          },
          "private": "eyJlMmJmYjczMC1lY2FhLTExZTYtOGY4OC0zNDM2M2JjN2M0YzAiOnsiY3JlYXRlIjoxMjAwMDAwMDAwMDAwLCJkZWxldGUiOjEyMDAwMDAwMDAwMDB9fQ==",
          "dependencies": [
            "module.vpc.google_compute_network.vpc",
            "module.vpc.google_project_service.compute_api",
            "module.vpc.google_project_service.networking_api"
          ]
        }
      ]
    },
    {
      "module": "module.vpc",
      "mode": "managed",
      "type": "google_compute_network",
      "name": "vpc",
      "provider": "provider[\"registry.terraform.io/hashicorp/google\"]",
      "instances": [
        {
          "schema_version": 0,
          "attributes": {
            "auto_create_subnetworks": false,
            "delete_default_routes_on_create": false,
            "description": "Generated by Terraform",
            "enable_ula_internal_ipv6": false,
            "gateway_ipv4": "",
            "id": "projects/methodical-bee-198709/global/networks/vpc-network-whatever",
            "internal_ipv6_range": "",
            "mtu": 0,
            "name": "vpc-network-whatever",
            "project": "methodical-bee-198709",
            "routing_mode": "REGIONAL",
            "self_link": "https://www.googleapis.com/compute/v1/projects/methodical-bee-198709/global/networks/vpc-network-whatever",
            "timeouts": {
              "create": "5m",
              "delete": "5m",
              "update": "5m"
            }
          },
          "private": "eyJlMmJmYjczMC1lY2FhLTExZTYtOGY4OC0zNDM2M2JjN2M0YzAiOnsiY3JlYXRlIjozMDAwMDAwMDAwMDAsImRlbGV0ZSI6MzAwMDAwMDAwMDAwLCJ1cGRhdGUiOjMwMDAwMDAwMDAwMH19",
          "dependencies": [
            "module.vpc.google_project_service.compute_api",
            "module.vpc.google_project_service.networking_api"
          ]
        }
      ]
    },
    {
      "module": "module.vpc",
      "mode": "managed",
      "type": "google_compute_router",
      "name": "cloud_router",
      "provider": "provider[\"registry.terraform.io/hashicorp/google\"]",
      "instances": [
        {
          "schema_version": 0,
          "attributes": {
            "bgp": [],
            "creation_timestamp": "2022-12-14T07:05:50.202-08:00",
            "description": "",
            "encrypted_interconnect_router": false,
            "id": "projects/methodical-bee-198709/regions/us-central1/routers/cloud-router-whatever",
            "name": "cloud-router-whatever",
            "network": "https://www.googleapis.com/compute/v1/projects/methodical-bee-198709/global/networks/vpc-network-whatever",
            "project": "methodical-bee-198709",
            "region": "us-central1",
            "self_link": "https://www.googleapis.com/compute/v1/projects/methodical-bee-198709/regions/us-central1/routers/cloud-router-whatever",
            "timeouts": {
              "create": "5m",
              "delete": "5m",
              "update": "5m"
            }
          },
          "private": "eyJlMmJmYjczMC1lY2FhLTExZTYtOGY4OC0zNDM2M2JjN2M0YzAiOnsiY3JlYXRlIjozMDAwMDAwMDAwMDAsImRlbGV0ZSI6MzAwMDAwMDAwMDAwLCJ1cGRhdGUiOjMwMDAwMDAwMDAwMH19",
          "dependencies": [
            "module.vpc.data.google_client_config.google_client",
            "module.vpc.google_compute_network.vpc",
            "module.vpc.google_compute_subnetwork.private_subnet",
            "module.vpc.google_project_service.compute_api",
            "module.vpc.google_project_service.networking_api"
          ]
        }
      ]
    },
    {
      "module": "module.vpc",
      "mode": "managed",
      "type": "google_compute_router_nat",
      "name": "cloud_nat",
      "provider": "provider[\"registry.terraform.io/hashicorp/google\"]",
      "instances": [
        {
          "schema_version": 0,
          "attributes": {
            "drain_nat_ips": [],
            "enable_dynamic_port_allocation": false,
            "enable_endpoint_independent_mapping": false,
            "icmp_idle_timeout_sec": 30,
            "id": "methodical-bee-198709/us-central1/cloud-router-whatever/cloud-nat-whatever",
            "log_config": [
              {
                "enable": true,
                "filter": "ERRORS_ONLY"
              }
            ],
            "max_ports_per_vm": 0,
            "min_ports_per_vm": 64,
            "name": "cloud-nat-whatever",
            "nat_ip_allocate_option": "MANUAL_ONLY",
            "nat_ips": [
              "https://www.googleapis.com/compute/v1/projects/methodical-bee-198709/regions/us-central1/addresses/nat-manual-ip-1-whatever"
            ],
            "project": "methodical-bee-198709",
            "region": "us-central1",
            "router": "cloud-router-whatever",
            "rules": [],
            "source_subnetwork_ip_ranges_to_nat": "ALL_SUBNETWORKS_ALL_IP_RANGES",
            "subnetwork": [],
            "tcp_established_idle_timeout_sec": 1200,
            "tcp_transitory_idle_timeout_sec": 30,
            "timeouts": {
              "create": "10m",
              "delete": "10m",
              "update": "10m"
            },
            "udp_idle_timeout_sec": 30
          },
          "private": "eyJlMmJmYjczMC1lY2FhLTExZTYtOGY4OC0zNDM2M2JjN2M0YzAiOnsiY3JlYXRlIjo2MDAwMDAwMDAwMDAsImRlbGV0ZSI6NjAwMDAwMDAwMDAwLCJ1cGRhdGUiOjYwMDAwMDAwMDAwMH19",
          "dependencies": [
            "module.vpc.data.google_client_config.google_client",
            "module.vpc.google_compute_address.static_nat_ips",
            "module.vpc.google_compute_network.vpc",
            "module.vpc.google_compute_router.cloud_router",
            "module.vpc.google_compute_subnetwork.private_subnet",
            "module.vpc.google_project_service.compute_api",
            "module.vpc.google_project_service.networking_api"
          ]
        }
      ]
    },
    {
      "module": "module.vpc",
      "mode": "managed",
      "type": "google_compute_subnetwork",
      "name": "private_subnet",
      "provider": "provider[\"registry.terraform.io/hashicorp/google\"]",
      "instances": [
        {
          "schema_version": 0,
          "attributes": {
            "creation_timestamp": "2022-12-14T07:05:23.890-08:00",
            "description": "Generated by Terraform for private use",
            "external_ipv6_prefix": "",
            "fingerprint": null,
            "gateway_address": "10.20.0.1",
            "id": "projects/methodical-bee-198709/regions/us-central1/subnetworks/private-subnet-whatever",
            "ip_cidr_range": "10.20.0.0/16",
            "ipv6_access_type": "",
            "ipv6_cidr_range": "",
            "log_config": [],
            "name": "private-subnet-whatever",
            "network": "https://www.googleapis.com/compute/v1/projects/methodical-bee-198709/global/networks/vpc-network-whatever",
            "private_ip_google_access": true,
            "private_ipv6_google_access": "DISABLE_GOOGLE_ACCESS",
            "project": "methodical-bee-198709",
            "purpose": "PRIVATE",
            "region": "us-central1",
            "role": "",
            "secondary_ip_range": [
              {
                "ip_cidr_range": "10.21.0.0/16",
                "range_name": "private-k8spods-whatever"
              },
              {
                "ip_cidr_range": "10.22.0.0/16",
                "range_name": "private-k8ssvcs-whatever"
              }
            ],
            "self_link": "https://www.googleapis.com/compute/v1/projects/methodical-bee-198709/regions/us-central1/subnetworks/private-subnet-whatever",
            "stack_type": "IPV4_ONLY",
            "timeouts": {
              "create": "10m",
              "delete": "10m",
              "update": "10m"
            }
          },
          "private": "eyJlMmJmYjczMC1lY2FhLTExZTYtOGY4OC0zNDM2M2JjN2M0YzAiOnsiY3JlYXRlIjo2MDAwMDAwMDAwMDAsImRlbGV0ZSI6NjAwMDAwMDAwMDAwLCJ1cGRhdGUiOjYwMDAwMDAwMDAwMH19",
          "dependencies": [
            "module.vpc.data.google_client_config.google_client",
            "module.vpc.google_compute_network.vpc",
            "module.vpc.google_project_service.compute_api",
            "module.vpc.google_project_service.networking_api"
          ]
        }
      ]
    },
    {
      "module": "module.vpc",
      "mode": "managed",
      "type": "google_project_service",
      "name": "compute_api",
      "provider": "provider[\"registry.terraform.io/hashicorp/google\"]",
      "instances": [
        {
          "schema_version": 0,
          "attributes": {
            "disable_dependent_services": null,
            "disable_on_destroy": false,
            "id": "methodical-bee-198709/compute.googleapis.com",
            "project": "methodical-bee-198709",
            "service": "compute.googleapis.com",
            "timeouts": null
          },
          "private": "eyJlMmJmYjczMC1lY2FhLTExZTYtOGY4OC0zNDM2M2JjN2M0YzAiOnsiY3JlYXRlIjoxMjAwMDAwMDAwMDAwLCJkZWxldGUiOjEyMDAwMDAwMDAwMDAsInJlYWQiOjYwMDAwMDAwMDAwMCwidXBkYXRlIjoxMjAwMDAwMDAwMDAwfX0="
        }
      ]
    },
    {
      "module": "module.vpc",
      "mode": "managed",
      "type": "google_project_service",
      "name": "networking_api",
      "provider": "provider[\"registry.terraform.io/hashicorp/google\"]",
      "instances": [
        {
          "schema_version": 0,
          "attributes": {
            "disable_dependent_services": null,
            "disable_on_destroy": false,
            "id": "methodical-bee-198709/servicenetworking.googleapis.com",
            "project": "methodical-bee-198709",
            "service": "servicenetworking.googleapis.com",
            "timeouts": null
          },
          "private": "eyJlMmJmYjczMC1lY2FhLTExZTYtOGY4OC0zNDM2M2JjN2M0YzAiOnsiY3JlYXRlIjoxMjAwMDAwMDAwMDAwLCJkZWxldGUiOjEyMDAwMDAwMDAwMDAsInJlYWQiOjYwMDAwMDAwMDAwMCwidXBkYXRlIjoxMjAwMDAwMDAwMDAwfX0="
        }
      ]
    },
    {
      "module": "module.vpc",
      "mode": "managed",
      "type": "google_service_networking_connection",
      "name": "g_services_connection",
      "provider": "provider[\"registry.terraform.io/hashicorp/google\"]",
      "instances": [
        {
          "schema_version": 0,
          "attributes": {
            "id": "https%3A%2F%2Fwww.googleapis.com%2Fcompute%2Fv1%2Fprojects%2Fmethodical-bee-198709%2Fglobal%2Fnetworks%2Fvpc-network-whatever:servicenetworking.googleapis.com",
            "network": "https://www.googleapis.com/compute/v1/projects/methodical-bee-198709/global/networks/vpc-network-whatever",
            "peering": "servicenetworking-googleapis-com",
            "reserved_peering_ranges": [
              "gservices-address-whatever"
            ],
            "service": "servicenetworking.googleapis.com",
            "timeouts": null
          },
          "private": "eyJlMmJmYjczMC1lY2FhLTExZTYtOGY4OC0zNDM2M2JjN2M0YzAiOnsiY3JlYXRlIjo2MDAwMDAwMDAwMDAsImRlbGV0ZSI6NjAwMDAwMDAwMDAwLCJ1cGRhdGUiOjYwMDAwMDAwMDAwMH19",
          "dependencies": [
            "module.vpc.google_compute_global_address.g_services_address",
            "module.vpc.google_compute_network.vpc",
            "module.vpc.google_project_service.compute_api",
            "module.vpc.google_project_service.networking_api"
          ]
        }
      ]
    }
  ]
}
